{
  "name": "@johnridesabike/bs-localforage",
  "version": "1.0.0-alpha.11",
  "lockfileVersion": 1,
  "requires": true,
  "dependencies": {
    "bs-platform": {
      "version": "7.2.2",
      "resolved": "https://registry.npmjs.org/bs-platform/-/bs-platform-7.2.2.tgz",
      "integrity": "sha512-PWcFfN+jCTtT/rMaHDhKh+W9RUTpaRunmSF9vbLYcrJbpgCNW6aFKAY33u0P3mLxwuhshN3b4FxqGUBPj6exZQ==",
      "dev": true
    },
    "immediate": {
      "version": "3.0.6",
      "resolved": "https://registry.npmjs.org/immediate/-/immediate-3.0.6.tgz",
      "integrity": "sha1-nbHb0Pr43m++D13V5Wu2BigN5ps="
    },
    "lie": {
      "version": "3.1.1",
      "resolved": "https://registry.npmjs.org/lie/-/lie-3.1.1.tgz",
      "integrity": "sha1-mkNrLMd0bKWd56QfpGmz77dr2H4=",
      "requires": {
        "immediate": "~3.0.5"
      }
    },
    "localforage": {
      "version": "1.7.3",
      "resolved": "https://registry.npmjs.org/localforage/-/localforage-1.7.3.tgz",
      "integrity": "sha512-1TulyYfc4udS7ECSBT2vwJksWbkwwTX8BzeUIiq8Y07Riy7bDAAnxDaPU/tWyOVmQAcWJIEIFP9lPfBGqVoPgQ==",
      "requires": {
        "lie": "3.1.1"
      }
    },
    "localforage-getitems": {
      "version": "1.4.2",
      "resolved": "https://registry.npmjs.org/localforage-getitems/-/localforage-getitems-1.4.2.tgz",
      "integrity": "sha512-3Y1DAAlRjGlhWAXoD1DR8M+7WF9DC6t8CvYZ7YKVnIJBpima8j4RsWUv1ryJKB+fTPozfDxeqrN7ooqzBPyB4g==",
      "requires": {
        "localforage": ">=1.4.0"
      }
    },
    "localforage-removeitems": {
      "version": "1.4.0",
      "resolved": "https://registry.npmjs.org/localforage-removeitems/-/localforage-removeitems-1.4.0.tgz",
      "integrity": "sha1-QfyGhbF3glhFdaJHGA3+vP3ILKg=",
      "requires": {
        "localforage": ">=1.4.0"
      }
    },
    "localforage-setitems": {
      "version": "1.4.0",
      "resolved": "https://registry.npmjs.org/localforage-setitems/-/localforage-setitems-1.4.0.tgz",
      "integrity": "sha1-NrhZDVB9+1yAQDPih+zljYiZbV8=",
      "requires": {
        "localforage": ">=1.4.0"
      }
    }
  }
}
